
Microsoft Visual Studio Solution File, Format Version 12.00
# Visual Studio Version 16
VisualStudioVersion = 16.0.30517.126
MinimumVisualStudioVersion = 10.0.40219.1
Project("{FAE04EC0-301F-11D3-BF4B-00C04F79EFBC}") = "WebServiceAuth", "WebServiceAuth.csproj", "{C888E829-DBD0-4FCD-ADDB-D7DE39E36D03}"
EndProject
Global
	GlobalSection(SolutionConfigurationPlatforms) = preSolution
		Debug|Any CPU = Debug|Any CPU
		Release|Any CPU = Release|Any CPU
	EndGlobalSection
	GlobalSection(ProjectConfigurationPlatforms) = postSolution
		{C888E829-DBD0-4FCD-ADDB-D7DE39E36D03}.Debug|Any CPU.ActiveCfg = Debug|Any CPU
		{C888E829-DBD0-4FCD-ADDB-D7DE39E36D03}.Debug|Any CPU.Build.0 = Debug|Any CPU
		{C888E829-DBD0-4FCD-ADDB-D7DE39E36D03}.Release|Any CPU.ActiveCfg = Release|Any CPU
		{C888E829-DBD0-4FCD-ADDB-D7DE39E36D03}.Release|Any CPU.Build.0 = Release|Any CPU
	EndGlobalSection
	GlobalSection(SolutionProperties) = preSolution
		HideSolutionNode = FALSE
	EndGlobalSection
	GlobalSection(ExtensibilityGlobals) = postSolution
		SolutionGuid = {B792D928-E433-4F38-8A27-12EC32B080C0}
	EndGlobalSection
EndGlobal
